
Microsoft Visual Studio Solution File, Format Version 12.00
# Visual Studio Version 17
VisualStudioVersion = 17.14.36327.8 d17.14
MinimumVisualStudioVersion = 10.0.40219.1
Project("{FAE04EC0-301F-11D3-BF4B-00C04F79EFBC}") = "Server", "Server.csproj", "{135583C8-3580-474F-9C3C-5BA65C0C215C}"
EndProject
Global
	GlobalSection(SolutionConfigurationPlatforms) = preSolution
		Debug|Any CPU = Debug|Any CPU
		Release|Any CPU = Release|Any CPU
	EndGlobalSection
	GlobalSection(ProjectConfigurationPlatforms) = postSolution
		{135583C8-3580-474F-9C3C-5BA65C0C215C}.Debug|Any CPU.ActiveCfg = Debug|Any CPU
		{135583C8-3580-474F-9C3C-5BA65C0C215C}.Debug|Any CPU.Build.0 = Debug|Any CPU
		{135583C8-3580-474F-9C3C-5BA65C0C215C}.Release|Any CPU.ActiveCfg = Release|Any CPU
		{135583C8-3580-474F-9C3C-5BA65C0C215C}.Release|Any CPU.Build.0 = Release|Any CPU
	EndGlobalSection
	GlobalSection(SolutionProperties) = preSolution
		HideSolutionNode = FALSE
	EndGlobalSection
	GlobalSection(ExtensibilityGlobals) = postSolution
		SolutionGuid = {711232FD-BBFA-46B5-8695-E97D36274F7A}
	EndGlobalSection
EndGlobal
